
Microsoft Visual Studio Solution File, Format Version 12.00
# Visual Studio Version 17
VisualStudioVersion = 17.14.36603.0 d17.14
MinimumVisualStudioVersion = 10.0.40219.1
Project("{FAE04EC0-301F-11D3-BF4B-00C04F79EFBC}") = "MineRimWorld", "MineRimWorld.csproj", "{ACBA2B99-3C35-468C-8CBD-F3C3701D924C}"
EndProject
Global
	GlobalSection(SolutionConfigurationPlatforms) = preSolution
		Debug|Any CPU = Debug|Any CPU
		Release|Any CPU = Release|Any CPU
	EndGlobalSection
	GlobalSection(ProjectConfigurationPlatforms) = postSolution
		{ACBA2B99-3C35-468C-8CBD-F3C3701D924C}.Debug|Any CPU.ActiveCfg = Debug|Any CPU
		{ACBA2B99-3C35-468C-8CBD-F3C3701D924C}.Debug|Any CPU.Build.0 = Debug|Any CPU
		{ACBA2B99-3C35-468C-8CBD-F3C3701D924C}.Release|Any CPU.ActiveCfg = Release|Any CPU
		{ACBA2B99-3C35-468C-8CBD-F3C3701D924C}.Release|Any CPU.Build.0 = Release|Any CPU
	EndGlobalSection
	GlobalSection(SolutionProperties) = preSolution
		HideSolutionNode = FALSE
	EndGlobalSection
	GlobalSection(ExtensibilityGlobals) = postSolution
		SolutionGuid = {6D88C353-A247-4DF7-BBB6-244218FA011B}
	EndGlobalSection
EndGlobal
